PODS:
  - GoogleMaps (2.0.1):
    - GoogleMaps/Maps (= 2.0.1)
  - GoogleMaps/Base (2.0.1)
  - GoogleMaps/Maps (2.0.1):
    - GoogleMaps/Base (= 2.0.1)
  - Nimble (4.1.0)
  - Quick (0.9.3)
  - SwiftyJSON (2.3.2)

DEPENDENCIES:
  - GoogleMaps
  - Nimble
  - Quick
  - SwiftyJSON

SPEC CHECKSUMS:
  GoogleMaps: f09da64fc987c1aa29394567c3cab5a3df83c402
  Nimble: 97a0a4cae5124c117115634b2d055d8c97d0af19
  Quick: 13a2a2b19a5d8e3ed4fd0c36ee46597fd77ebf71
  SwiftyJSON: 04ccea08915aa0109039157c7974cf0298da292a

PODFILE CHECKSUM: ea4bf5dcf152897599397aeecbbf296dbb531b1d

COCOAPODS: 1.0.1
