// !$*UTF8*$!
{
	archiveVersion = 1;
	classes = {
	};
	objectVersion = 46;
	objects = {

/* Begin PBXBuildFile section */
		1ED4B2F961E9F485606466A8 /* Pods_ShipTracked.framework in Frameworks */ = {isa = PBXBuildFile; fileRef = EEA967ED4DCEE37BC5C9D40A /* Pods_ShipTracked.framework */; };
		5B294998A4D6646063EEDA51 /* Pods_ShipTrackedTests.framework in Frameworks */ = {isa = PBXBuildFile; fileRef = 694A27870A039475958F59D9 /* Pods_ShipTrackedTests.framework */; };
		8B033E071D45A914009312F6 /* MockURLSessionDataTask.swift in Sources */ = {isa = PBXBuildFile; fileRef = 8B033E061D45A914009312F6 /* MockURLSessionDataTask.swift */; };
		8B033E091D45A962009312F6 /* URLSessionDataTaskProtocol.swift in Sources */ = {isa = PBXBuildFile; fileRef = 8B033E081D45A962009312F6 /* URLSessionDataTaskProtocol.swift */; };
		8B1AB39E1D419E6300C680EB /* iosDistribution.p12.enc in Resources */ = {isa = PBXBuildFile; fileRef = 8B1AB39D1D419E6300C680EB /* iosDistribution.p12.enc */; };
		8B21ECBD1CEA645300EAA1D8 /* UPSService.swift in Sources */ = {isa = PBXBuildFile; fileRef = 8B21ECBC1CEA645300EAA1D8 /* UPSService.swift */; };
		8B21ECBF1CEA648B00EAA1D8 /* Parcel.swift in Sources */ = {isa = PBXBuildFile; fileRef = 8B21ECBE1CEA648B00EAA1D8 /* Parcel.swift */; };
		8B21ECC11CEA6D0C00EAA1D8 /* UPSServiceTests.swift in Sources */ = {isa = PBXBuildFile; fileRef = 8B21ECC01CEA6D0C00EAA1D8 /* UPSServiceTests.swift */; };
		8B21ECC31CEAA30000EAA1D8 /* ParcelDataSource.swift in Sources */ = {isa = PBXBuildFile; fileRef = 8B21ECC21CEAA30000EAA1D8 /* ParcelDataSource.swift */; };
		8B21ECC81CEAC05C00EAA1D8 /* Address.swift in Sources */ = {isa = PBXBuildFile; fileRef = 8B21ECC71CEAC05C00EAA1D8 /* Address.swift */; };
		8B3711401CF22778009F1B9A /* ParcelList.swift in Sources */ = {isa = PBXBuildFile; fileRef = 8B37113F1CF22778009F1B9A /* ParcelList.swift */; };
		8B3711421CF228A7009F1B9A /* SourceType.swift in Sources */ = {isa = PBXBuildFile; fileRef = 8B3711411CF228A7009F1B9A /* SourceType.swift */; };
		8B3711441CF228AD009F1B9A /* DataSource.swift in Sources */ = {isa = PBXBuildFile; fileRef = 8B3711431CF228AD009F1B9A /* DataSource.swift */; };
		8B3711461CF228B4009F1B9A /* DataList.swift in Sources */ = {isa = PBXBuildFile; fileRef = 8B3711451CF228B4009F1B9A /* DataList.swift */; };
		8B3711481CF2383A009F1B9A /* ParcelCell.swift in Sources */ = {isa = PBXBuildFile; fileRef = 8B3711471CF2383A009F1B9A /* ParcelCell.swift */; };
		8B37114A1CF239F2009F1B9A /* ParcelTableViewController.swift in Sources */ = {isa = PBXBuildFile; fileRef = 8B3711491CF239F2009F1B9A /* ParcelTableViewController.swift */; };
		8B429FA81CEA631500B81C1B /* AppDelegate.swift in Sources */ = {isa = PBXBuildFile; fileRef = 8B429FA71CEA631500B81C1B /* AppDelegate.swift */; };
		8B429FAA1CEA631500B81C1B /* ParcelDetailViewController.swift in Sources */ = {isa = PBXBuildFile; fileRef = 8B429FA91CEA631500B81C1B /* ParcelDetailViewController.swift */; };
		8B429FAD1CEA631500B81C1B /* Main.storyboard in Resources */ = {isa = PBXBuildFile; fileRef = 8B429FAB1CEA631500B81C1B /* Main.storyboard */; };
		8B429FB01CEA631500B81C1B /* ShipTracked.xcdatamodeld in Sources */ = {isa = PBXBuildFile; fileRef = 8B429FAE1CEA631500B81C1B /* ShipTracked.xcdatamodeld */; };
		8B429FB21CEA631500B81C1B /* Assets.xcassets in Resources */ = {isa = PBXBuildFile; fileRef = 8B429FB11CEA631500B81C1B /* Assets.xcassets */; };
		8B429FB51CEA631500B81C1B /* LaunchScreen.storyboard in Resources */ = {isa = PBXBuildFile; fileRef = 8B429FB31CEA631500B81C1B /* LaunchScreen.storyboard */; };
		8B429FC01CEA631500B81C1B /* ParcelTests.swift in Sources */ = {isa = PBXBuildFile; fileRef = 8B429FBF1CEA631500B81C1B /* ParcelTests.swift */; };
		8B429FCB1CEA631500B81C1B /* ShipTrackedUITests.swift in Sources */ = {isa = PBXBuildFile; fileRef = 8B429FCA1CEA631500B81C1B /* ShipTrackedUITests.swift */; };
		8B5CE3D21D443755003E00F4 /* URLSessionProtocol.swift in Sources */ = {isa = PBXBuildFile; fileRef = 8B5CE3D11D443755003E00F4 /* URLSessionProtocol.swift */; };
		8B5CE3D51D4456A6003E00F4 /* MockURLSession.swift in Sources */ = {isa = PBXBuildFile; fileRef = 8B5CE3D41D4456A6003E00F4 /* MockURLSession.swift */; };
		8BAE47141CEE4EC400574208 /* ParcelDataSourceTests.swift in Sources */ = {isa = PBXBuildFile; fileRef = 8BAE47131CEE4EC400574208 /* ParcelDataSourceTests.swift */; };
		8BB095CD1D4075DC00DB03F0 /* iosDeveloper.p12.enc in Resources */ = {isa = PBXBuildFile; fileRef = 8BB095CB1D4075DC00DB03F0 /* iosDeveloper.p12.enc */; };
		8BDACC251CF4FDD2005D6E9F /* AddressLocationData.plist in Resources */ = {isa = PBXBuildFile; fileRef = 8BDACC241CF4FDD2005D6E9F /* AddressLocationData.plist */; };
		8BDACC271CF4FF23005D6E9F /* Plist.swift in Sources */ = {isa = PBXBuildFile; fileRef = 8BDACC261CF4FF23005D6E9F /* Plist.swift */; };
		8BF307451D330FC6004B710E /* LICENSE in Resources */ = {isa = PBXBuildFile; fileRef = 8BF307441D330FC6004B710E /* LICENSE */; };
		8BF307471D330FE6004B710E /* README.md in Sources */ = {isa = PBXBuildFile; fileRef = 8BF307461D330FE6004B710E /* README.md */; };
		8BF307491D3310B5004B710E /* script.sh in Resources */ = {isa = PBXBuildFile; fileRef = 8BF307481D3310B5004B710E /* script.sh */; };
		8BF3074B1D3310E6004B710E /* after_success_script.sh in Resources */ = {isa = PBXBuildFile; fileRef = 8BF3074A1D3310E6004B710E /* after_success_script.sh */; };
		8BF3074D1D331108004B710E /* .travis.yml in Resources */ = {isa = PBXBuildFile; fileRef = 8BF3074C1D331108004B710E /* .travis.yml */; };
		8BF307651D3313DE004B710E /* Appfile in Resources */ = {isa = PBXBuildFile; fileRef = 8BF307501D3313DD004B710E /* Appfile */; };
		8BF307661D3313DE004B710E /* Deliverfile in Resources */ = {isa = PBXBuildFile; fileRef = 8BF307511D3313DD004B710E /* Deliverfile */; };
		8BF307671D3313DE004B710E /* Fastfile in Resources */ = {isa = PBXBuildFile; fileRef = 8BF307521D3313DD004B710E /* Fastfile */; };
		8BF307681D3313DE004B710E /* copyright.txt in Resources */ = {isa = PBXBuildFile; fileRef = 8BF307541D3313DD004B710E /* copyright.txt */; };
		8BF307691D3313DE004B710E /* description.txt in Resources */ = {isa = PBXBuildFile; fileRef = 8BF307561D3313DD004B710E /* description.txt */; };
		8BF3076A1D3313DE004B710E /* keywords.txt in Resources */ = {isa = PBXBuildFile; fileRef = 8BF307571D3313DD004B710E /* keywords.txt */; };
		8BF3076B1D3313DE004B710E /* marketing_url.txt in Resources */ = {isa = PBXBuildFile; fileRef = 8BF307581D3313DD004B710E /* marketing_url.txt */; };
		8BF3076C1D3313DE004B710E /* name.txt in Resources */ = {isa = PBXBuildFile; fileRef = 8BF307591D3313DD004B710E /* name.txt */; };
		8BF3076D1D3313DE004B710E /* privacy_url.txt in Resources */ = {isa = PBXBuildFile; fileRef = 8BF3075A1D3313DD004B710E /* privacy_url.txt */; };
		8BF3076E1D3313DE004B710E /* release_notes.txt in Resources */ = {isa = PBXBuildFile; fileRef = 8BF3075B1D3313DD004B710E /* release_notes.txt */; };
		8BF3076F1D3313DE004B710E /* support_url.txt in Resources */ = {isa = PBXBuildFile; fileRef = 8BF3075C1D3313DD004B710E /* support_url.txt */; };
		8BF307701D3313DE004B710E /* primary_category.txt in Resources */ = {isa = PBXBuildFile; fileRef = 8BF3075D1D3313DD004B710E /* primary_category.txt */; };
		8BF307711D3313DE004B710E /* primary_first_sub_category.txt in Resources */ = {isa = PBXBuildFile; fileRef = 8BF3075E1D3313DD004B710E /* primary_first_sub_category.txt */; };
		8BF307721D3313DE004B710E /* primary_second_sub_category.txt in Resources */ = {isa = PBXBuildFile; fileRef = 8BF3075F1D3313DD004B710E /* primary_second_sub_category.txt */; };
		8BF307731D3313DE004B710E /* secondary_category.txt in Resources */ = {isa = PBXBuildFile; fileRef = 8BF307601D3313DD004B710E /* secondary_category.txt */; };
		8BF307741D3313DE004B710E /* secondary_first_sub_category.txt in Resources */ = {isa = PBXBuildFile; fileRef = 8BF307611D3313DD004B710E /* secondary_first_sub_category.txt */; };
		8BF307751D3313DE004B710E /* secondary_second_sub_category.txt in Resources */ = {isa = PBXBuildFile; fileRef = 8BF307621D3313DD004B710E /* secondary_second_sub_category.txt */; };
		8BF307761D3313DE004B710E /* README.txt in Resources */ = {isa = PBXBuildFile; fileRef = 8BF307641D3313DE004B710E /* README.txt */; };
		8BF307781D331596004B710E /* .gitignore in Resources */ = {isa = PBXBuildFile; fileRef = 8BF307771D331596004B710E /* .gitignore */; };
/* End PBXBuildFile section */

/* Begin PBXContainerItemProxy section */
		8B429FBC1CEA631500B81C1B /* PBXContainerItemProxy */ = {
			isa = PBXContainerItemProxy;
			containerPortal = 8B429F9C1CEA631500B81C1B /* Project object */;
			proxyType = 1;
			remoteGlobalIDString = 8B429FA31CEA631500B81C1B;
			remoteInfo = ShipTracked;
		};
		8B429FC71CEA631500B81C1B /* PBXContainerItemProxy */ = {
			isa = PBXContainerItemProxy;
			containerPortal = 8B429F9C1CEA631500B81C1B /* Project object */;
			proxyType = 1;
			remoteGlobalIDString = 8B429FA31CEA631500B81C1B;
			remoteInfo = ShipTracked;
		};
/* End PBXContainerItemProxy section */

/* Begin PBXFileReference section */
		0D0559D48229AF7EA7B56A55 /* Pods-ShipTracked.release.xcconfig */ = {isa = PBXFileReference; includeInIndex = 1; lastKnownFileType = text.xcconfig; name = "Pods-ShipTracked.release.xcconfig"; path = "Pods/Target Support Files/Pods-ShipTracked/Pods-ShipTracked.release.xcconfig"; sourceTree = "<group>"; };
		2C3183F074C96F47E9FE6175 /* Pods-ShipTrackedTests.release.xcconfig */ = {isa = PBXFileReference; includeInIndex = 1; lastKnownFileType = text.xcconfig; name = "Pods-ShipTrackedTests.release.xcconfig"; path = "Pods/Target Support Files/Pods-ShipTrackedTests/Pods-ShipTrackedTests.release.xcconfig"; sourceTree = "<group>"; };
		636F96F69F017D51AB47BC85 /* Pods-ShipTracked.debug.xcconfig */ = {isa = PBXFileReference; includeInIndex = 1; lastKnownFileType = text.xcconfig; name = "Pods-ShipTracked.debug.xcconfig"; path = "Pods/Target Support Files/Pods-ShipTracked/Pods-ShipTracked.debug.xcconfig"; sourceTree = "<group>"; };
		694A27870A039475958F59D9 /* Pods_ShipTrackedTests.framework */ = {isa = PBXFileReference; explicitFileType = wrapper.framework; includeInIndex = 0; path = Pods_ShipTrackedTests.framework; sourceTree = BUILT_PRODUCTS_DIR; };
		8B033E061D45A914009312F6 /* MockURLSessionDataTask.swift */ = {isa = PBXFileReference; fileEncoding = 4; lastKnownFileType = sourcecode.swift; path = MockURLSessionDataTask.swift; sourceTree = "<group>"; };
		8B033E081D45A962009312F6 /* URLSessionDataTaskProtocol.swift */ = {isa = PBXFileReference; fileEncoding = 4; lastKnownFileType = sourcecode.swift; path = URLSessionDataTaskProtocol.swift; sourceTree = "<group>"; };
		8B1AB39D1D419E6300C680EB /* iosDistribution.p12.enc */ = {isa = PBXFileReference; fileEncoding = 4; lastKnownFileType = text; path = iosDistribution.p12.enc; sourceTree = "<group>"; };
		8B21ECBC1CEA645300EAA1D8 /* UPSService.swift */ = {isa = PBXFileReference; fileEncoding = 4; lastKnownFileType = sourcecode.swift; path = UPSService.swift; sourceTree = "<group>"; };
		8B21ECBE1CEA648B00EAA1D8 /* Parcel.swift */ = {isa = PBXFileReference; fileEncoding = 4; lastKnownFileType = sourcecode.swift; path = Parcel.swift; sourceTree = "<group>"; };
		8B21ECC01CEA6D0C00EAA1D8 /* UPSServiceTests.swift */ = {isa = PBXFileReference; fileEncoding = 4; lastKnownFileType = sourcecode.swift; path = UPSServiceTests.swift; sourceTree = "<group>"; };
		8B21ECC21CEAA30000EAA1D8 /* ParcelDataSource.swift */ = {isa = PBXFileReference; fileEncoding = 4; lastKnownFileType = sourcecode.swift; path = ParcelDataSource.swift; sourceTree = "<group>"; };
		8B21ECC71CEAC05C00EAA1D8 /* Address.swift */ = {isa = PBXFileReference; fileEncoding = 4; lastKnownFileType = sourcecode.swift; path = Address.swift; sourceTree = "<group>"; };
		8B37113F1CF22778009F1B9A /* ParcelList.swift */ = {isa = PBXFileReference; fileEncoding = 4; lastKnownFileType = sourcecode.swift; path = ParcelList.swift; sourceTree = "<group>"; };
		8B3711411CF228A7009F1B9A /* SourceType.swift */ = {isa = PBXFileReference; fileEncoding = 4; lastKnownFileType = sourcecode.swift; path = SourceType.swift; sourceTree = "<group>"; };
		8B3711431CF228AD009F1B9A /* DataSource.swift */ = {isa = PBXFileReference; fileEncoding = 4; lastKnownFileType = sourcecode.swift; path = DataSource.swift; sourceTree = "<group>"; };
		8B3711451CF228B4009F1B9A /* DataList.swift */ = {isa = PBXFileReference; fileEncoding = 4; lastKnownFileType = sourcecode.swift; path = DataList.swift; sourceTree = "<group>"; };
		8B3711471CF2383A009F1B9A /* ParcelCell.swift */ = {isa = PBXFileReference; fileEncoding = 4; lastKnownFileType = sourcecode.swift; path = ParcelCell.swift; sourceTree = "<group>"; };
		8B3711491CF239F2009F1B9A /* ParcelTableViewController.swift */ = {isa = PBXFileReference; fileEncoding = 4; lastKnownFileType = sourcecode.swift; path = ParcelTableViewController.swift; sourceTree = "<group>"; };
		8B429FA41CEA631500B81C1B /* ShipTracked.app */ = {isa = PBXFileReference; explicitFileType = wrapper.application; includeInIndex = 0; path = ShipTracked.app; sourceTree = BUILT_PRODUCTS_DIR; };
		8B429FA71CEA631500B81C1B /* AppDelegate.swift */ = {isa = PBXFileReference; lastKnownFileType = sourcecode.swift; path = AppDelegate.swift; sourceTree = "<group>"; };
		8B429FA91CEA631500B81C1B /* ParcelDetailViewController.swift */ = {isa = PBXFileReference; lastKnownFileType = sourcecode.swift; path = ParcelDetailViewController.swift; sourceTree = "<group>"; };
		8B429FAC1CEA631500B81C1B /* Base */ = {isa = PBXFileReference; lastKnownFileType = file.storyboard; name = Base; path = Base.lproj/Main.storyboard; sourceTree = "<group>"; };
		8B429FAF1CEA631500B81C1B /* ShipTracked.xcdatamodel */ = {isa = PBXFileReference; lastKnownFileType = wrapper.xcdatamodel; path = ShipTracked.xcdatamodel; sourceTree = "<group>"; };
		8B429FB11CEA631500B81C1B /* Assets.xcassets */ = {isa = PBXFileReference; lastKnownFileType = folder.assetcatalog; path = Assets.xcassets; sourceTree = "<group>"; };
		8B429FB41CEA631500B81C1B /* Base */ = {isa = PBXFileReference; lastKnownFileType = file.storyboard; name = Base; path = Base.lproj/LaunchScreen.storyboard; sourceTree = "<group>"; };
		8B429FB61CEA631500B81C1B /* Info.plist */ = {isa = PBXFileReference; lastKnownFileType = text.plist.xml; path = Info.plist; sourceTree = "<group>"; };
		8B429FBB1CEA631500B81C1B /* ShipTrackedTests.xctest */ = {isa = PBXFileReference; explicitFileType = wrapper.cfbundle; includeInIndex = 0; path = ShipTrackedTests.xctest; sourceTree = BUILT_PRODUCTS_DIR; };
		8B429FBF1CEA631500B81C1B /* ParcelTests.swift */ = {isa = PBXFileReference; lastKnownFileType = sourcecode.swift; name = ParcelTests.swift; path = ShipTrackedTests/ParcelTests.swift; sourceTree = SOURCE_ROOT; };
		8B429FC11CEA631500B81C1B /* Info.plist */ = {isa = PBXFileReference; lastKnownFileType = text.plist.xml; name = Info.plist; path = ShipTrackedTests/Info.plist; sourceTree = SOURCE_ROOT; };
		8B429FC61CEA631500B81C1B /* ShipTrackedUITests.xctest */ = {isa = PBXFileReference; explicitFileType = wrapper.cfbundle; includeInIndex = 0; path = ShipTrackedUITests.xctest; sourceTree = BUILT_PRODUCTS_DIR; };
		8B429FCA1CEA631500B81C1B /* ShipTrackedUITests.swift */ = {isa = PBXFileReference; lastKnownFileType = sourcecode.swift; path = ShipTrackedUITests.swift; sourceTree = "<group>"; };
		8B429FCC1CEA631500B81C1B /* Info.plist */ = {isa = PBXFileReference; lastKnownFileType = text.plist.xml; path = Info.plist; sourceTree = "<group>"; };
		8B5CE3D11D443755003E00F4 /* URLSessionProtocol.swift */ = {isa = PBXFileReference; fileEncoding = 4; lastKnownFileType = sourcecode.swift; path = URLSessionProtocol.swift; sourceTree = "<group>"; };
		8B5CE3D41D4456A6003E00F4 /* MockURLSession.swift */ = {isa = PBXFileReference; fileEncoding = 4; lastKnownFileType = sourcecode.swift; path = MockURLSession.swift; sourceTree = "<group>"; };
		8BAE47131CEE4EC400574208 /* ParcelDataSourceTests.swift */ = {isa = PBXFileReference; fileEncoding = 4; lastKnownFileType = sourcecode.swift; path = ParcelDataSourceTests.swift; sourceTree = "<group>"; };
		8BB095CB1D4075DC00DB03F0 /* iosDeveloper.p12.enc */ = {isa = PBXFileReference; fileEncoding = 4; lastKnownFileType = text; path = iosDeveloper.p12.enc; sourceTree = "<group>"; };
		8BDACC241CF4FDD2005D6E9F /* AddressLocationData.plist */ = {isa = PBXFileReference; fileEncoding = 4; lastKnownFileType = text.plist.xml; path = AddressLocationData.plist; sourceTree = "<group>"; };
		8BDACC261CF4FF23005D6E9F /* Plist.swift */ = {isa = PBXFileReference; fileEncoding = 4; lastKnownFileType = sourcecode.swift; path = Plist.swift; sourceTree = "<group>"; };
		8BF307441D330FC6004B710E /* LICENSE */ = {isa = PBXFileReference; fileEncoding = 4; lastKnownFileType = text; path = LICENSE; sourceTree = "<group>"; };
		8BF307461D330FE6004B710E /* README.md */ = {isa = PBXFileReference; fileEncoding = 4; lastKnownFileType = net.daringfireball.markdown; path = README.md; sourceTree = "<group>"; };
		8BF307481D3310B5004B710E /* script.sh */ = {isa = PBXFileReference; fileEncoding = 4; lastKnownFileType = text.script.sh; name = script.sh; path = travis/script.sh; sourceTree = "<group>"; };
		8BF3074A1D3310E6004B710E /* after_success_script.sh */ = {isa = PBXFileReference; fileEncoding = 4; lastKnownFileType = text.script.sh; name = after_success_script.sh; path = travis/after_success_script.sh; sourceTree = "<group>"; };
		8BF3074C1D331108004B710E /* .travis.yml */ = {isa = PBXFileReference; fileEncoding = 4; lastKnownFileType = text; path = .travis.yml; sourceTree = "<group>"; };
		8BF307501D3313DD004B710E /* Appfile */ = {isa = PBXFileReference; fileEncoding = 4; lastKnownFileType = text; path = Appfile; sourceTree = "<group>"; };
		8BF307511D3313DD004B710E /* Deliverfile */ = {isa = PBXFileReference; fileEncoding = 4; lastKnownFileType = text; path = Deliverfile; sourceTree = "<group>"; };
		8BF307521D3313DD004B710E /* Fastfile */ = {isa = PBXFileReference; fileEncoding = 4; lastKnownFileType = text; path = Fastfile; sourceTree = "<group>"; };
		8BF307541D3313DD004B710E /* copyright.txt */ = {isa = PBXFileReference; fileEncoding = 4; lastKnownFileType = text; path = copyright.txt; sourceTree = "<group>"; };
		8BF307561D3313DD004B710E /* description.txt */ = {isa = PBXFileReference; fileEncoding = 4; lastKnownFileType = text; path = description.txt; sourceTree = "<group>"; };
		8BF307571D3313DD004B710E /* keywords.txt */ = {isa = PBXFileReference; fileEncoding = 4; lastKnownFileType = text; path = keywords.txt; sourceTree = "<group>"; };
		8BF307581D3313DD004B710E /* marketing_url.txt */ = {isa = PBXFileReference; fileEncoding = 4; lastKnownFileType = text; path = marketing_url.txt; sourceTree = "<group>"; };
		8BF307591D3313DD004B710E /* name.txt */ = {isa = PBXFileReference; fileEncoding = 4; lastKnownFileType = text; path = name.txt; sourceTree = "<group>"; };
		8BF3075A1D3313DD004B710E /* privacy_url.txt */ = {isa = PBXFileReference; fileEncoding = 4; lastKnownFileType = text; path = privacy_url.txt; sourceTree = "<group>"; };
		8BF3075B1D3313DD004B710E /* release_notes.txt */ = {isa = PBXFileReference; fileEncoding = 4; lastKnownFileType = text; path = release_notes.txt; sourceTree = "<group>"; };
		8BF3075C1D3313DD004B710E /* support_url.txt */ = {isa = PBXFileReference; fileEncoding = 4; lastKnownFileType = text; path = support_url.txt; sourceTree = "<group>"; };
		8BF3075D1D3313DD004B710E /* primary_category.txt */ = {isa = PBXFileReference; fileEncoding = 4; lastKnownFileType = text; path = primary_category.txt; sourceTree = "<group>"; };
		8BF3075E1D3313DD004B710E /* primary_first_sub_category.txt */ = {isa = PBXFileReference; fileEncoding = 4; lastKnownFileType = text; path = primary_first_sub_category.txt; sourceTree = "<group>"; };
		8BF3075F1D3313DD004B710E /* primary_second_sub_category.txt */ = {isa = PBXFileReference; fileEncoding = 4; lastKnownFileType = text; path = primary_second_sub_category.txt; sourceTree = "<group>"; };
		8BF307601D3313DD004B710E /* secondary_category.txt */ = {isa = PBXFileReference; fileEncoding = 4; lastKnownFileType = text; path = secondary_category.txt; sourceTree = "<group>"; };
		8BF307611D3313DD004B710E /* secondary_first_sub_category.txt */ = {isa = PBXFileReference; fileEncoding = 4; lastKnownFileType = text; path = secondary_first_sub_category.txt; sourceTree = "<group>"; };
		8BF307621D3313DD004B710E /* secondary_second_sub_category.txt */ = {isa = PBXFileReference; fileEncoding = 4; lastKnownFileType = text; path = secondary_second_sub_category.txt; sourceTree = "<group>"; };
		8BF307641D3313DE004B710E /* README.txt */ = {isa = PBXFileReference; fileEncoding = 4; lastKnownFileType = text; path = README.txt; sourceTree = "<group>"; };
		8BF307771D331596004B710E /* .gitignore */ = {isa = PBXFileReference; fileEncoding = 4; lastKnownFileType = text; path = .gitignore; sourceTree = SOURCE_ROOT; };
		C3142B184259660A3C6C9D6E /* Pods-ShipTrackedTests.debug.xcconfig */ = {isa = PBXFileReference; includeInIndex = 1; lastKnownFileType = text.xcconfig; name = "Pods-ShipTrackedTests.debug.xcconfig"; path = "Pods/Target Support Files/Pods-ShipTrackedTests/Pods-ShipTrackedTests.debug.xcconfig"; sourceTree = "<group>"; };
		EEA967ED4DCEE37BC5C9D40A /* Pods_ShipTracked.framework */ = {isa = PBXFileReference; explicitFileType = wrapper.framework; includeInIndex = 0; path = Pods_ShipTracked.framework; sourceTree = BUILT_PRODUCTS_DIR; };
/* End PBXFileReference section */

/* Begin PBXFrameworksBuildPhase section */
		8B429FA11CEA631500B81C1B /* Frameworks */ = {
			isa = PBXFrameworksBuildPhase;
			buildActionMask = 2147483647;
			files = (
				1ED4B2F961E9F485606466A8 /* Pods_ShipTracked.framework in Frameworks */,
			);
			runOnlyForDeploymentPostprocessing = 0;
		};
		8B429FB81CEA631500B81C1B /* Frameworks */ = {
			isa = PBXFrameworksBuildPhase;
			buildActionMask = 2147483647;
			files = (
				5B294998A4D6646063EEDA51 /* Pods_ShipTrackedTests.framework in Frameworks */,
			);
			runOnlyForDeploymentPostprocessing = 0;
		};
		8B429FC31CEA631500B81C1B /* Frameworks */ = {
			isa = PBXFrameworksBuildPhase;
			buildActionMask = 2147483647;
			files = (
			);
			runOnlyForDeploymentPostprocessing = 0;
		};
/* End PBXFrameworksBuildPhase section */

/* Begin PBXGroup section */
		501601936696620D9B6697F1 /* Pods */ = {
			isa = PBXGroup;
			children = (
				C3142B184259660A3C6C9D6E /* Pods-ShipTrackedTests.debug.xcconfig */,
				2C3183F074C96F47E9FE6175 /* Pods-ShipTrackedTests.release.xcconfig */,
				636F96F69F017D51AB47BC85 /* Pods-ShipTracked.debug.xcconfig */,
				0D0559D48229AF7EA7B56A55 /* Pods-ShipTracked.release.xcconfig */,
			);
			name = Pods;
			sourceTree = "<group>";
		};
		78831C3826A21AA1FC3F7A96 /* Frameworks */ = {
			isa = PBXGroup;
			children = (
				694A27870A039475958F59D9 /* Pods_ShipTrackedTests.framework */,
				EEA967ED4DCEE37BC5C9D40A /* Pods_ShipTracked.framework */,
			);
			name = Frameworks;
			sourceTree = "<group>";
		};
		8B21ECC61CEAB56B00EAA1D8 /* Support */ = {
			isa = PBXGroup;
			children = (
				8B429FA71CEA631500B81C1B /* AppDelegate.swift */,
				8B429FAB1CEA631500B81C1B /* Main.storyboard */,
				8B429FB11CEA631500B81C1B /* Assets.xcassets */,
				8B429FB31CEA631500B81C1B /* LaunchScreen.storyboard */,
				8B429FB61CEA631500B81C1B /* Info.plist */,
				8B429FAE1CEA631500B81C1B /* ShipTracked.xcdatamodeld */,
				8BDACC241CF4FDD2005D6E9F /* AddressLocationData.plist */,
			);
			name = Support;
			sourceTree = "<group>";
		};
		8B37114B1CF23B34009F1B9A /* Model */ = {
			isa = PBXGroup;
			children = (
				8B21ECBE1CEA648B00EAA1D8 /* Parcel.swift */,
				8B21ECC71CEAC05C00EAA1D8 /* Address.swift */,
			);
			name = Model;
			sourceTree = "<group>";
		};
		8B37114C1CF23B47009F1B9A /* ViewController */ = {
			isa = PBXGroup;
			children = (
				8B429FA91CEA631500B81C1B /* ParcelDetailViewController.swift */,
				8B3711491CF239F2009F1B9A /* ParcelTableViewController.swift */,
			);
			name = ViewController;
			sourceTree = "<group>";
		};
		8B37114D1CF23B50009F1B9A /* View */ = {
			isa = PBXGroup;
			children = (
				8B3711471CF2383A009F1B9A /* ParcelCell.swift */,
			);
			name = View;
			sourceTree = "<group>";
		};
		8B37114E1CF23B5B009F1B9A /* DataSource */ = {
			isa = PBXGroup;
			children = (
				8B3711431CF228AD009F1B9A /* DataSource.swift */,
				8B3711451CF228B4009F1B9A /* DataList.swift */,
				8B3711411CF228A7009F1B9A /* SourceType.swift */,
				8B37113F1CF22778009F1B9A /* ParcelList.swift */,
				8B21ECC21CEAA30000EAA1D8 /* ParcelDataSource.swift */,
			);
			name = DataSource;
			sourceTree = "<group>";
		};
		8B429F9B1CEA631500B81C1B = {
			isa = PBXGroup;
			children = (
				8BF307771D331596004B710E /* .gitignore */,
				8BF3074F1D3313DD004B710E /* fastlane */,
				8BF3074E1D331111004B710E /* travis */,
				8BF3074C1D331108004B710E /* .travis.yml */,
				8BF307461D330FE6004B710E /* README.md */,
				8BF307441D330FC6004B710E /* LICENSE */,
				8B429FA61CEA631500B81C1B /* ShipTracked */,
				8B429FBE1CEA631500B81C1B /* ShipTrackedTests */,
				8B429FC91CEA631500B81C1B /* ShipTrackedUITests */,
				8B429FA51CEA631500B81C1B /* Products */,
				501601936696620D9B6697F1 /* Pods */,
				78831C3826A21AA1FC3F7A96 /* Frameworks */,
			);
			sourceTree = "<group>";
		};
		8B429FA51CEA631500B81C1B /* Products */ = {
			isa = PBXGroup;
			children = (
				8B429FA41CEA631500B81C1B /* ShipTracked.app */,
				8B429FBB1CEA631500B81C1B /* ShipTrackedTests.xctest */,
				8B429FC61CEA631500B81C1B /* ShipTrackedUITests.xctest */,
			);
			name = Products;
			sourceTree = "<group>";
		};
		8B429FA61CEA631500B81C1B /* ShipTracked */ = {
			isa = PBXGroup;
			children = (
				8B5CE3D31D4437B6003E00F4 /* Service */,
				8B21ECC61CEAB56B00EAA1D8 /* Support */,
				8B37114C1CF23B47009F1B9A /* ViewController */,
				8B37114B1CF23B34009F1B9A /* Model */,
				8B37114D1CF23B50009F1B9A /* View */,
				8B37114E1CF23B5B009F1B9A /* DataSource */,
				8BAE47121CEE3CF500574208 /* Library */,
				8BDACC261CF4FF23005D6E9F /* Plist.swift */,
				8B5CE3D11D443755003E00F4 /* URLSessionProtocol.swift */,
				8B033E081D45A962009312F6 /* URLSessionDataTaskProtocol.swift */,
			);
			path = ShipTracked;
			sourceTree = "<group>";
		};
		8B429FBE1CEA631500B81C1B /* ShipTrackedTests */ = {
			isa = PBXGroup;
			children = (
				8B429FBF1CEA631500B81C1B /* ParcelTests.swift */,
				8B21ECC01CEA6D0C00EAA1D8 /* UPSServiceTests.swift */,
				8BAE47131CEE4EC400574208 /* ParcelDataSourceTests.swift */,
				8B5CE3D41D4456A6003E00F4 /* MockURLSession.swift */,
				8B033E061D45A914009312F6 /* MockURLSessionDataTask.swift */,
				8B429FC11CEA631500B81C1B /* Info.plist */,
			);
			path = ShipTrackedTests;
			sourceTree = "<group>";
		};
		8B429FC91CEA631500B81C1B /* ShipTrackedUITests */ = {
			isa = PBXGroup;
			children = (
				8B429FCA1CEA631500B81C1B /* ShipTrackedUITests.swift */,
				8B429FCC1CEA631500B81C1B /* Info.plist */,
			);
			path = ShipTrackedUITests;
			sourceTree = "<group>";
		};
		8B5CE3D31D4437B6003E00F4 /* Service */ = {
			isa = PBXGroup;
			children = (
				8B21ECBC1CEA645300EAA1D8 /* UPSService.swift */,
			);
			name = Service;
			sourceTree = "<group>";
		};
		8BAE47121CEE3CF500574208 /* Library */ = {
			isa = PBXGroup;
			children = (
			);
			name = Library;
			sourceTree = "<group>";
		};
		8BB095CA1D4075DC00DB03F0 /* cert */ = {
			isa = PBXGroup;
			children = (
				8B1AB39D1D419E6300C680EB /* iosDistribution.p12.enc */,
				8BB095CB1D4075DC00DB03F0 /* iosDeveloper.p12.enc */,
			);
			path = cert;
			sourceTree = "<group>";
		};
		8BF3074E1D331111004B710E /* travis */ = {
			isa = PBXGroup;
			children = (
				8BF307481D3310B5004B710E /* script.sh */,
				8BF3074A1D3310E6004B710E /* after_success_script.sh */,
			);
			name = travis;
			sourceTree = "<group>";
		};
		8BF3074F1D3313DD004B710E /* fastlane */ = {
			isa = PBXGroup;
			children = (
				8BB095CA1D4075DC00DB03F0 /* cert */,
				8BF307501D3313DD004B710E /* Appfile */,
				8BF307511D3313DD004B710E /* Deliverfile */,
				8BF307521D3313DD004B710E /* Fastfile */,
				8BF307531D3313DD004B710E /* metadata */,
				8BF307631D3313DD004B710E /* screenshots */,
			);
			path = fastlane;
			sourceTree = "<group>";
		};
		8BF307531D3313DD004B710E /* metadata */ = {
			isa = PBXGroup;
			children = (
				8BF307541D3313DD004B710E /* copyright.txt */,
				8BF307551D3313DD004B710E /* en-US */,
				8BF3075D1D3313DD004B710E /* primary_category.txt */,
				8BF3075E1D3313DD004B710E /* primary_first_sub_category.txt */,
				8BF3075F1D3313DD004B710E /* primary_second_sub_category.txt */,
				8BF307601D3313DD004B710E /* secondary_category.txt */,
				8BF307611D3313DD004B710E /* secondary_first_sub_category.txt */,
				8BF307621D3313DD004B710E /* secondary_second_sub_category.txt */,
			);
			path = metadata;
			sourceTree = "<group>";
		};
		8BF307551D3313DD004B710E /* en-US */ = {
			isa = PBXGroup;
			children = (
				8BF307561D3313DD004B710E /* description.txt */,
				8BF307571D3313DD004B710E /* keywords.txt */,
				8BF307581D3313DD004B710E /* marketing_url.txt */,
				8BF307591D3313DD004B710E /* name.txt */,
				8BF3075A1D3313DD004B710E /* privacy_url.txt */,
				8BF3075B1D3313DD004B710E /* release_notes.txt */,
				8BF3075C1D3313DD004B710E /* support_url.txt */,
			);
			path = "en-US";
			sourceTree = "<group>";
		};
		8BF307631D3313DD004B710E /* screenshots */ = {
			isa = PBXGroup;
			children = (
				8BF307641D3313DE004B710E /* README.txt */,
			);
			path = screenshots;
			sourceTree = "<group>";
		};
/* End PBXGroup section */

/* Begin PBXNativeTarget section */
		8B429FA31CEA631500B81C1B /* ShipTracked */ = {
			isa = PBXNativeTarget;
			buildConfigurationList = 8B429FCF1CEA631500B81C1B /* Build configuration list for PBXNativeTarget "ShipTracked" */;
			buildPhases = (
				D5AB4FAABECF634401D7C44C /* [CP] Check Pods Manifest.lock */,
				8B429FA01CEA631500B81C1B /* Sources */,
				8B429FA11CEA631500B81C1B /* Frameworks */,
				8B429FA21CEA631500B81C1B /* Resources */,
				1B8833EC17882E455183FF1F /* [CP] Embed Pods Frameworks */,
				AA1411753E3208B808A6C110 /* [CP] Copy Pods Resources */,
			);
			buildRules = (
			);
			dependencies = (
			);
			name = ShipTracked;
			productName = ShipTracked;
			productReference = 8B429FA41CEA631500B81C1B /* ShipTracked.app */;
			productType = "com.apple.product-type.application";
		};
		8B429FBA1CEA631500B81C1B /* ShipTrackedTests */ = {
			isa = PBXNativeTarget;
			buildConfigurationList = 8B429FD21CEA631500B81C1B /* Build configuration list for PBXNativeTarget "ShipTrackedTests" */;
			buildPhases = (
				9DBBDC09E1954EE8F46B66EE /* [CP] Check Pods Manifest.lock */,
				8B429FB71CEA631500B81C1B /* Sources */,
				8B429FB81CEA631500B81C1B /* Frameworks */,
				8B429FB91CEA631500B81C1B /* Resources */,
				F572414969124D912D33C35E /* [CP] Embed Pods Frameworks */,
				ADF999F2E1CAF5C016D778F9 /* [CP] Copy Pods Resources */,
			);
			buildRules = (
			);
			dependencies = (
				8B429FBD1CEA631500B81C1B /* PBXTargetDependency */,
			);
			name = ShipTrackedTests;
			productName = ShipTrackedTests;
			productReference = 8B429FBB1CEA631500B81C1B /* ShipTrackedTests.xctest */;
			productType = "com.apple.product-type.bundle.unit-test";
		};
		8B429FC51CEA631500B81C1B /* ShipTrackedUITests */ = {
			isa = PBXNativeTarget;
			buildConfigurationList = 8B429FD51CEA631500B81C1B /* Build configuration list for PBXNativeTarget "ShipTrackedUITests" */;
			buildPhases = (
				8B429FC21CEA631500B81C1B /* Sources */,
				8B429FC31CEA631500B81C1B /* Frameworks */,
				8B429FC41CEA631500B81C1B /* Resources */,
			);
			buildRules = (
			);
			dependencies = (
				8B429FC81CEA631500B81C1B /* PBXTargetDependency */,
			);
			name = ShipTrackedUITests;
			productName = ShipTrackedUITests;
			productReference = 8B429FC61CEA631500B81C1B /* ShipTrackedUITests.xctest */;
			productType = "com.apple.product-type.bundle.ui-testing";
		};
/* End PBXNativeTarget section */

/* Begin PBXProject section */
		8B429F9C1CEA631500B81C1B /* Project object */ = {
			isa = PBXProject;
			attributes = {
				LastSwiftUpdateCheck = 0730;
				LastUpgradeCheck = 0730;
				ORGANIZATIONNAME = "Thinh Luong";
				TargetAttributes = {
					8B429FA31CEA631500B81C1B = {
						CreatedOnToolsVersion = 7.3;
						DevelopmentTeam = 38CJ7RTF4Q;
					};
					8B429FBA1CEA631500B81C1B = {
						CreatedOnToolsVersion = 7.3;
						TestTargetID = 8B429FA31CEA631500B81C1B;
					};
					8B429FC51CEA631500B81C1B = {
						CreatedOnToolsVersion = 7.3;
						TestTargetID = 8B429FA31CEA631500B81C1B;
					};
				};
			};
			buildConfigurationList = 8B429F9F1CEA631500B81C1B /* Build configuration list for PBXProject "ShipTracked" */;
			compatibilityVersion = "Xcode 3.2";
			developmentRegion = English;
			hasScannedForEncodings = 0;
			knownRegions = (
				en,
				Base,
			);
			mainGroup = 8B429F9B1CEA631500B81C1B;
			productRefGroup = 8B429FA51CEA631500B81C1B /* Products */;
			projectDirPath = "";
			projectRoot = "";
			targets = (
				8B429FA31CEA631500B81C1B /* ShipTracked */,
				8B429FBA1CEA631500B81C1B /* ShipTrackedTests */,
				8B429FC51CEA631500B81C1B /* ShipTrackedUITests */,
			);
		};
/* End PBXProject section */

/* Begin PBXResourcesBuildPhase section */
		8B429FA21CEA631500B81C1B /* Resources */ = {
			isa = PBXResourcesBuildPhase;
			buildActionMask = 2147483647;
			files = (
				8BF307661D3313DE004B710E /* Deliverfile in Resources */,
				8BF307671D3313DE004B710E /* Fastfile in Resources */,
				8BF307691D3313DE004B710E /* description.txt in Resources */,
				8BF307701D3313DE004B710E /* primary_category.txt in Resources */,
				8BDACC251CF4FDD2005D6E9F /* AddressLocationData.plist in Resources */,
				8BF307491D3310B5004B710E /* script.sh in Resources */,
				8BF307681D3313DE004B710E /* copyright.txt in Resources */,
				8BF307781D331596004B710E /* .gitignore in Resources */,
				8BF3076F1D3313DE004B710E /* support_url.txt in Resources */,
				8BF307721D3313DE004B710E /* primary_second_sub_category.txt in Resources */,
				8BF3074D1D331108004B710E /* .travis.yml in Resources */,
				8BF3076C1D3313DE004B710E /* name.txt in Resources */,
				8BF307651D3313DE004B710E /* Appfile in Resources */,
				8B429FB51CEA631500B81C1B /* LaunchScreen.storyboard in Resources */,
				8BF3076E1D3313DE004B710E /* release_notes.txt in Resources */,
				8BF307741D3313DE004B710E /* secondary_first_sub_category.txt in Resources */,
				8BF307731D3313DE004B710E /* secondary_category.txt in Resources */,
				8B1AB39E1D419E6300C680EB /* iosDistribution.p12.enc in Resources */,
				8BF307761D3313DE004B710E /* README.txt in Resources */,
				8BF307711D3313DE004B710E /* primary_first_sub_category.txt in Resources */,
				8BF3076D1D3313DE004B710E /* privacy_url.txt in Resources */,
				8B429FB21CEA631500B81C1B /* Assets.xcassets in Resources */,
				8BF3076A1D3313DE004B710E /* keywords.txt in Resources */,
				8BB095CD1D4075DC00DB03F0 /* iosDeveloper.p12.enc in Resources */,
				8B429FAD1CEA631500B81C1B /* Main.storyboard in Resources */,
				8BF307451D330FC6004B710E /* LICENSE in Resources */,
				8BF3076B1D3313DE004B710E /* marketing_url.txt in Resources */,
				8BF307751D3313DE004B710E /* secondary_second_sub_category.txt in Resources */,
				8BF3074B1D3310E6004B710E /* after_success_script.sh in Resources */,
			);
			runOnlyForDeploymentPostprocessing = 0;
		};
		8B429FB91CEA631500B81C1B /* Resources */ = {
			isa = PBXResourcesBuildPhase;
			buildActionMask = 2147483647;
			files = (
			);
			runOnlyForDeploymentPostprocessing = 0;
		};
		8B429FC41CEA631500B81C1B /* Resources */ = {
			isa = PBXResourcesBuildPhase;
			buildActionMask = 2147483647;
			files = (
			);
			runOnlyForDeploymentPostprocessing = 0;
		};
/* End PBXResourcesBuildPhase section */

/* Begin PBXShellScriptBuildPhase section */
		1B8833EC17882E455183FF1F /* [CP] Embed Pods Frameworks */ = {
			isa = PBXShellScriptBuildPhase;
			buildActionMask = 2147483647;
			files = (
			);
			inputPaths = (
			);
			name = "[CP] Embed Pods Frameworks";
			outputPaths = (
			);
			runOnlyForDeploymentPostprocessing = 0;
			shellPath = /bin/sh;
			shellScript = "\"${SRCROOT}/Pods/Target Support Files/Pods-ShipTracked/Pods-ShipTracked-frameworks.sh\"\n";
			showEnvVarsInLog = 0;
		};
		9DBBDC09E1954EE8F46B66EE /* [CP] Check Pods Manifest.lock */ = {
			isa = PBXShellScriptBuildPhase;
			buildActionMask = 2147483647;
			files = (
			);
			inputPaths = (
			);
			name = "[CP] Check Pods Manifest.lock";
			outputPaths = (
			);
			runOnlyForDeploymentPostprocessing = 0;
			shellPath = /bin/sh;
			shellScript = "diff \"${PODS_ROOT}/../Podfile.lock\" \"${PODS_ROOT}/Manifest.lock\" > /dev/null\nif [[ $? != 0 ]] ; then\n    cat << EOM\nerror: The sandbox is not in sync with the Podfile.lock. Run 'pod install' or update your CocoaPods installation.\nEOM\n    exit 1\nfi\n";
			showEnvVarsInLog = 0;
		};
		AA1411753E3208B808A6C110 /* [CP] Copy Pods Resources */ = {
			isa = PBXShellScriptBuildPhase;
			buildActionMask = 2147483647;
			files = (
			);
			inputPaths = (
			);
			name = "[CP] Copy Pods Resources";
			outputPaths = (
			);
			runOnlyForDeploymentPostprocessing = 0;
			shellPath = /bin/sh;
			shellScript = "\"${SRCROOT}/Pods/Target Support Files/Pods-ShipTracked/Pods-ShipTracked-resources.sh\"\n";
			showEnvVarsInLog = 0;
		};
		ADF999F2E1CAF5C016D778F9 /* [CP] Copy Pods Resources */ = {
			isa = PBXShellScriptBuildPhase;
			buildActionMask = 2147483647;
			files = (
			);
			inputPaths = (
			);
			name = "[CP] Copy Pods Resources";
			outputPaths = (
			);
			runOnlyForDeploymentPostprocessing = 0;
			shellPath = /bin/sh;
			shellScript = "\"${SRCROOT}/Pods/Target Support Files/Pods-ShipTrackedTests/Pods-ShipTrackedTests-resources.sh\"\n";
			showEnvVarsInLog = 0;
		};
		D5AB4FAABECF634401D7C44C /* [CP] Check Pods Manifest.lock */ = {
			isa = PBXShellScriptBuildPhase;
			buildActionMask = 2147483647;
			files = (
			);
			inputPaths = (
			);
			name = "[CP] Check Pods Manifest.lock";
			outputPaths = (
			);
			runOnlyForDeploymentPostprocessing = 0;
			shellPath = /bin/sh;
			shellScript = "diff \"${PODS_ROOT}/../Podfile.lock\" \"${PODS_ROOT}/Manifest.lock\" > /dev/null\nif [[ $? != 0 ]] ; then\n    cat << EOM\nerror: The sandbox is not in sync with the Podfile.lock. Run 'pod install' or update your CocoaPods installation.\nEOM\n    exit 1\nfi\n";
			showEnvVarsInLog = 0;
		};
		F572414969124D912D33C35E /* [CP] Embed Pods Frameworks */ = {
			isa = PBXShellScriptBuildPhase;
			buildActionMask = 2147483647;
			files = (
			);
			inputPaths = (
			);
			name = "[CP] Embed Pods Frameworks";
			outputPaths = (
			);
			runOnlyForDeploymentPostprocessing = 0;
			shellPath = /bin/sh;
			shellScript = "\"${SRCROOT}/Pods/Target Support Files/Pods-ShipTrackedTests/Pods-ShipTrackedTests-frameworks.sh\"\n";
			showEnvVarsInLog = 0;
		};
/* End PBXShellScriptBuildPhase section */

/* Begin PBXSourcesBuildPhase section */
		8B429FA01CEA631500B81C1B /* Sources */ = {
			isa = PBXSourcesBuildPhase;
			buildActionMask = 2147483647;
			files = (
				8BDACC271CF4FF23005D6E9F /* Plist.swift in Sources */,
				8B429FAA1CEA631500B81C1B /* ParcelDetailViewController.swift in Sources */,
				8B3711461CF228B4009F1B9A /* DataList.swift in Sources */,
				8B37114A1CF239F2009F1B9A /* ParcelTableViewController.swift in Sources */,
				8B3711481CF2383A009F1B9A /* ParcelCell.swift in Sources */,
				8B429FA81CEA631500B81C1B /* AppDelegate.swift in Sources */,
				8BF307471D330FE6004B710E /* README.md in Sources */,
				8B21ECC31CEAA30000EAA1D8 /* ParcelDataSource.swift in Sources */,
				8B21ECBD1CEA645300EAA1D8 /* UPSService.swift in Sources */,
				8B033E091D45A962009312F6 /* URLSessionDataTaskProtocol.swift in Sources */,
				8B21ECBF1CEA648B00EAA1D8 /* Parcel.swift in Sources */,
				8B5CE3D21D443755003E00F4 /* URLSessionProtocol.swift in Sources */,
				8B3711421CF228A7009F1B9A /* SourceType.swift in Sources */,
				8B21ECC81CEAC05C00EAA1D8 /* Address.swift in Sources */,
				8B3711401CF22778009F1B9A /* ParcelList.swift in Sources */,
				8B3711441CF228AD009F1B9A /* DataSource.swift in Sources */,
				8B429FB01CEA631500B81C1B /* ShipTracked.xcdatamodeld in Sources */,
			);
			runOnlyForDeploymentPostprocessing = 0;
		};
		8B429FB71CEA631500B81C1B /* Sources */ = {
			isa = PBXSourcesBuildPhase;
			buildActionMask = 2147483647;
			files = (
				8B5CE3D51D4456A6003E00F4 /* MockURLSession.swift in Sources */,
				8B033E071D45A914009312F6 /* MockURLSessionDataTask.swift in Sources */,
				8B21ECC11CEA6D0C00EAA1D8 /* UPSServiceTests.swift in Sources */,
				8B429FC01CEA631500B81C1B /* ParcelTests.swift in Sources */,
				8BAE47141CEE4EC400574208 /* ParcelDataSourceTests.swift in Sources */,
			);
			runOnlyForDeploymentPostprocessing = 0;
		};
		8B429FC21CEA631500B81C1B /* Sources */ = {
			isa = PBXSourcesBuildPhase;
			buildActionMask = 2147483647;
			files = (
				8B429FCB1CEA631500B81C1B /* ShipTrackedUITests.swift in Sources */,
			);
			runOnlyForDeploymentPostprocessing = 0;
		};
/* End PBXSourcesBuildPhase section */

/* Begin PBXTargetDependency section */
		8B429FBD1CEA631500B81C1B /* PBXTargetDependency */ = {
			isa = PBXTargetDependency;
			target = 8B429FA31CEA631500B81C1B /* ShipTracked */;
			targetProxy = 8B429FBC1CEA631500B81C1B /* PBXContainerItemProxy */;
		};
		8B429FC81CEA631500B81C1B /* PBXTargetDependency */ = {
			isa = PBXTargetDependency;
			target = 8B429FA31CEA631500B81C1B /* ShipTracked */;
			targetProxy = 8B429FC71CEA631500B81C1B /* PBXContainerItemProxy */;
		};
/* End PBXTargetDependency section */

/* Begin PBXVariantGroup section */
		8B429FAB1CEA631500B81C1B /* Main.storyboard */ = {
			isa = PBXVariantGroup;
			children = (
				8B429FAC1CEA631500B81C1B /* Base */,
			);
			name = Main.storyboard;
			sourceTree = "<group>";
		};
		8B429FB31CEA631500B81C1B /* LaunchScreen.storyboard */ = {
			isa = PBXVariantGroup;
			children = (
				8B429FB41CEA631500B81C1B /* Base */,
			);
			name = LaunchScreen.storyboard;
			sourceTree = "<group>";
		};
/* End PBXVariantGroup section */

/* Begin XCBuildConfiguration section */
		8B429FCD1CEA631500B81C1B /* Debug */ = {
			isa = XCBuildConfiguration;
			buildSettings = {
				ALWAYS_SEARCH_USER_PATHS = NO;
				CLANG_ANALYZER_NONNULL = YES;
				CLANG_CXX_LANGUAGE_STANDARD = "gnu++0x";
				CLANG_CXX_LIBRARY = "libc++";
				CLANG_ENABLE_MODULES = YES;
				CLANG_ENABLE_OBJC_ARC = YES;
				CLANG_WARN_BOOL_CONVERSION = YES;
				CLANG_WARN_CONSTANT_CONVERSION = YES;
				CLANG_WARN_DIRECT_OBJC_ISA_USAGE = YES_ERROR;
				CLANG_WARN_EMPTY_BODY = YES;
				CLANG_WARN_ENUM_CONVERSION = YES;
				CLANG_WARN_INT_CONVERSION = YES;
				CLANG_WARN_OBJC_ROOT_CLASS = YES_ERROR;
				CLANG_WARN_UNREACHABLE_CODE = YES;
				CLANG_WARN__DUPLICATE_METHOD_MATCH = YES;
				CODE_SIGN_IDENTITY = "iPhone Developer";
				"CODE_SIGN_IDENTITY[sdk=iphoneos*]" = "iPhone Developer";
				COPY_PHASE_STRIP = NO;
				DEBUG_INFORMATION_FORMAT = dwarf;
				ENABLE_STRICT_OBJC_MSGSEND = YES;
				ENABLE_TESTABILITY = YES;
				GCC_C_LANGUAGE_STANDARD = gnu99;
				GCC_DYNAMIC_NO_PIC = NO;
				GCC_NO_COMMON_BLOCKS = YES;
				GCC_OPTIMIZATION_LEVEL = 0;
				GCC_PREPROCESSOR_DEFINITIONS = (
					"DEBUG=1",
					"$(inherited)",
				);
				GCC_WARN_64_TO_32_BIT_CONVERSION = YES;
				GCC_WARN_ABOUT_RETURN_TYPE = YES_ERROR;
				GCC_WARN_UNDECLARED_SELECTOR = YES;
				GCC_WARN_UNINITIALIZED_AUTOS = YES_AGGRESSIVE;
				GCC_WARN_UNUSED_FUNCTION = YES;
				GCC_WARN_UNUSED_VARIABLE = YES;
				IPHONEOS_DEPLOYMENT_TARGET = 9.3;
				MTL_ENABLE_DEBUG_INFO = YES;
				ONLY_ACTIVE_ARCH = YES;
				SDKROOT = iphoneos;
				SWIFT_OPTIMIZATION_LEVEL = "-Onone";
				TARGETED_DEVICE_FAMILY = "1,2";
			};
			name = Debug;
		};
		8B429FCE1CEA631500B81C1B /* Release */ = {
			isa = XCBuildConfiguration;
			buildSettings = {
				ALWAYS_SEARCH_USER_PATHS = NO;
				CLANG_ANALYZER_NONNULL = YES;
				CLANG_CXX_LANGUAGE_STANDARD = "gnu++0x";
				CLANG_CXX_LIBRARY = "libc++";
				CLANG_ENABLE_MODULES = YES;
				CLANG_ENABLE_OBJC_ARC = YES;
				CLANG_WARN_BOOL_CONVERSION = YES;
				CLANG_WARN_CONSTANT_CONVERSION = YES;
				CLANG_WARN_DIRECT_OBJC_ISA_USAGE = YES_ERROR;
				CLANG_WARN_EMPTY_BODY = YES;
				CLANG_WARN_ENUM_CONVERSION = YES;
				CLANG_WARN_INT_CONVERSION = YES;
				CLANG_WARN_OBJC_ROOT_CLASS = YES_ERROR;
				CLANG_WARN_UNREACHABLE_CODE = YES;
				CLANG_WARN__DUPLICATE_METHOD_MATCH = YES;
				CODE_SIGN_IDENTITY = "iPhone Developer";
				"CODE_SIGN_IDENTITY[sdk=iphoneos*]" = "iPhone Developer";
				COPY_PHASE_STRIP = NO;
				DEBUG_INFORMATION_FORMAT = "dwarf-with-dsym";
				ENABLE_NS_ASSERTIONS = NO;
				ENABLE_STRICT_OBJC_MSGSEND = YES;
				GCC_C_LANGUAGE_STANDARD = gnu99;
				GCC_NO_COMMON_BLOCKS = YES;
				GCC_WARN_64_TO_32_BIT_CONVERSION = YES;
				GCC_WARN_ABOUT_RETURN_TYPE = YES_ERROR;
				GCC_WARN_UNDECLARED_SELECTOR = YES;
				GCC_WARN_UNINITIALIZED_AUTOS = YES_AGGRESSIVE;
				GCC_WARN_UNUSED_FUNCTION = YES;
				GCC_WARN_UNUSED_VARIABLE = YES;
				IPHONEOS_DEPLOYMENT_TARGET = 9.3;
				MTL_ENABLE_DEBUG_INFO = NO;
				SDKROOT = iphoneos;
				TARGETED_DEVICE_FAMILY = "1,2";
				VALIDATE_PRODUCT = YES;
			};
			name = Release;
		};
		8B429FD01CEA631500B81C1B /* Debug */ = {
			isa = XCBuildConfiguration;
			baseConfigurationReference = 636F96F69F017D51AB47BC85 /* Pods-ShipTracked.debug.xcconfig */;
			buildSettings = {
				ASSETCATALOG_COMPILER_APPICON_NAME = AppIcon;
				CODE_SIGN_IDENTITY = "iPhone Developer";
				INFOPLIST_FILE = ShipTracked/Info.plist;
				IPHONEOS_DEPLOYMENT_TARGET = 9.1;
				LD_RUNPATH_SEARCH_PATHS = "$(inherited) @executable_path/Frameworks";
				PRODUCT_BUNDLE_IDENTIFIER = tvluong.ShipTracked;
				PRODUCT_NAME = "$(TARGET_NAME)";
			};
			name = Debug;
		};
		8B429FD11CEA631500B81C1B /* Release */ = {
			isa = XCBuildConfiguration;
			baseConfigurationReference = 0D0559D48229AF7EA7B56A55 /* Pods-ShipTracked.release.xcconfig */;
			buildSettings = {
				ASSETCATALOG_COMPILER_APPICON_NAME = AppIcon;
				CODE_SIGN_IDENTITY = "iPhone Distribution";
				"CODE_SIGN_IDENTITY[sdk=iphoneos*]" = "iPhone Distribution";
				INFOPLIST_FILE = ShipTracked/Info.plist;
				IPHONEOS_DEPLOYMENT_TARGET = 9.1;
				LD_RUNPATH_SEARCH_PATHS = "$(inherited) @executable_path/Frameworks";
				PRODUCT_BUNDLE_IDENTIFIER = tvluong.ShipTracked;
				PRODUCT_NAME = "$(TARGET_NAME)";
			};
			name = Release;
		};
		8B429FD31CEA631500B81C1B /* Debug */ = {
			isa = XCBuildConfiguration;
			baseConfigurationReference = C3142B184259660A3C6C9D6E /* Pods-ShipTrackedTests.debug.xcconfig */;
			buildSettings = {
				BUNDLE_LOADER = "$(TEST_HOST)";
				INFOPLIST_FILE = ShipTrackedTests/Info.plist;
				LD_RUNPATH_SEARCH_PATHS = "$(inherited) @executable_path/Frameworks @loader_path/Frameworks";
				PRODUCT_BUNDLE_IDENTIFIER = tvluong.ShipTrackedTests;
				PRODUCT_NAME = "$(TARGET_NAME)";
				TEST_HOST = "$(BUILT_PRODUCTS_DIR)/ShipTracked.app/ShipTracked";
			};
			name = Debug;
		};
		8B429FD41CEA631500B81C1B /* Release */ = {
			isa = XCBuildConfiguration;
			baseConfigurationReference = 2C3183F074C96F47E9FE6175 /* Pods-ShipTrackedTests.release.xcconfig */;
			buildSettings = {
				BUNDLE_LOADER = "$(TEST_HOST)";
				INFOPLIST_FILE = ShipTrackedTests/Info.plist;
				LD_RUNPATH_SEARCH_PATHS = "$(inherited) @executable_path/Frameworks @loader_path/Frameworks";
				PRODUCT_BUNDLE_IDENTIFIER = tvluong.ShipTrackedTests;
				PRODUCT_NAME = "$(TARGET_NAME)";
				TEST_HOST = "$(BUILT_PRODUCTS_DIR)/ShipTracked.app/ShipTracked";
			};
			name = Release;
		};
		8B429FD61CEA631500B81C1B /* Debug */ = {
			isa = XCBuildConfiguration;
			buildSettings = {
				INFOPLIST_FILE = ShipTrackedUITests/Info.plist;
				LD_RUNPATH_SEARCH_PATHS = "$(inherited) @executable_path/Frameworks @loader_path/Frameworks";
				PRODUCT_BUNDLE_IDENTIFIER = tvluong.ShipTrackedUITests;
				PRODUCT_NAME = "$(TARGET_NAME)";
				TEST_TARGET_NAME = ShipTracked;
			};
			name = Debug;
		};
		8B429FD71CEA631500B81C1B /* Release */ = {
			isa = XCBuildConfiguration;
			buildSettings = {
				INFOPLIST_FILE = ShipTrackedUITests/Info.plist;
				LD_RUNPATH_SEARCH_PATHS = "$(inherited) @executable_path/Frameworks @loader_path/Frameworks";
				PRODUCT_BUNDLE_IDENTIFIER = tvluong.ShipTrackedUITests;
				PRODUCT_NAME = "$(TARGET_NAME)";
				TEST_TARGET_NAME = ShipTracked;
			};
			name = Release;
		};
/* End XCBuildConfiguration section */

/* Begin XCConfigurationList section */
		8B429F9F1CEA631500B81C1B /* Build configuration list for PBXProject "ShipTracked" */ = {
			isa = XCConfigurationList;
			buildConfigurations = (
				8B429FCD1CEA631500B81C1B /* Debug */,
				8B429FCE1CEA631500B81C1B /* Release */,
			);
			defaultConfigurationIsVisible = 0;
			defaultConfigurationName = Release;
		};
		8B429FCF1CEA631500B81C1B /* Build configuration list for PBXNativeTarget "ShipTracked" */ = {
			isa = XCConfigurationList;
			buildConfigurations = (
				8B429FD01CEA631500B81C1B /* Debug */,
				8B429FD11CEA631500B81C1B /* Release */,
			);
			defaultConfigurationIsVisible = 0;
			defaultConfigurationName = Release;
		};
		8B429FD21CEA631500B81C1B /* Build configuration list for PBXNativeTarget "ShipTrackedTests" */ = {
			isa = XCConfigurationList;
			buildConfigurations = (
				8B429FD31CEA631500B81C1B /* Debug */,
				8B429FD41CEA631500B81C1B /* Release */,
			);
			defaultConfigurationIsVisible = 0;
			defaultConfigurationName = Release;
		};
		8B429FD51CEA631500B81C1B /* Build configuration list for PBXNativeTarget "ShipTrackedUITests" */ = {
			isa = XCConfigurationList;
			buildConfigurations = (
				8B429FD61CEA631500B81C1B /* Debug */,
				8B429FD71CEA631500B81C1B /* Release */,
			);
			defaultConfigurationIsVisible = 0;
			defaultConfigurationName = Release;
		};
/* End XCConfigurationList section */

/* Begin XCVersionGroup section */
		8B429FAE1CEA631500B81C1B /* ShipTracked.xcdatamodeld */ = {
			isa = XCVersionGroup;
			children = (
				8B429FAF1CEA631500B81C1B /* ShipTracked.xcdatamodel */,
			);
			currentVersion = 8B429FAF1CEA631500B81C1B /* ShipTracked.xcdatamodel */;
			path = ShipTracked.xcdatamodeld;
			sourceTree = "<group>";
			versionGroupType = wrapper.xcdatamodel;
		};
/* End XCVersionGroup section */
	};
	rootObject = 8B429F9C1CEA631500B81C1B /* Project object */;
}
